
Microsoft Visual Studio Solution File, Format Version 12.00
# Visual Studio Version 17
VisualStudioVersion = 17.1.31911.260
MinimumVisualStudioVersion = 10.0.40219.1
Project("{2150E333-8FDC-42A3-9474-1A3956D46DE8}") = "Solution Items", "Solution Items", "{C2B1D7B3-E943-4EA3-88B0-94433B49080C}"
	ProjectSection(SolutionItems) = preProject
		.editorconfig = .editorconfig
	EndProjectSection
EndProject
Project("{9A19103F-16F7-4668-BE54-9A1E7A4F7556}") = "Fluxor", "Lib\Fluxor\Fluxor.csproj", "{863909D3-7E81-4240-8C0A-6F57768D28FF}"
EndProject
Project("{9A19103F-16F7-4668-BE54-9A1E7A4F7556}") = "Fluxor.Blazor.Web", "Lib\Fluxor.Blazor.Web\Fluxor.Blazor.Web.csproj", "{6289FEA3-4F01-4100-BB4B-6F8938203886}"
EndProject
Project("{9A19103F-16F7-4668-BE54-9A1E7A4F7556}") = "Fluxor.Blazor.Web.ReduxDevTools", "Lib\Fluxor.Blazor.Web.ReduxDevTools\Fluxor.Blazor.Web.ReduxDevTools.csproj", "{E33D5229-FFD7-410B-99E4-5FA2E02CCAFE}"
EndProject
Project("{2150E333-8FDC-42A3-9474-1A3956D46DE8}") = "Docs", "Docs", "{028DE5AF-7FF2-4E1D-8AB7-99B2668A9736}"
	ProjectSection(SolutionItems) = preProject
		..\Docs\disposable-callback-not-disposed.md = ..\Docs\disposable-callback-not-disposed.md
		..\Docs\README.md = ..\Docs\README.md
		..\Docs\releases.md = ..\Docs\releases.md
		..\Docs\upgrading-instructions.md = ..\Docs\upgrading-instructions.md
	EndProjectSection
EndProject
Project("{2150E333-8FDC-42A3-9474-1A3956D46DE8}") = "Lib", "Lib", "{7BC6A874-4606-43EF-B18E-B2E22CF25AAC}"
EndProject
Project("{2150E333-8FDC-42A3-9474-1A3956D46DE8}") = "FluxorExperiments", "FluxorExperiments", "{C965513B-3ADF-4E0F-BCBB-7C595A08003D}"
EndProject
Project("{9A19103F-16F7-4668-BE54-9A1E7A4F7556}") = "FluxorExperiments.App.BlazorServerSide", "FluxorExperiments.App.BlazorServerSide\FluxorExperiments.App.BlazorServerSide.csproj", "{0197CF7C-E6D8-4BD7-B3BF-14CE97BA2862}"
EndProject
Project("{9A19103F-16F7-4668-BE54-9A1E7A4F7556}") = "FluxorExperiments.App.BlazorWebAssembly", "FluxorExperiments.App.BlazorWebAssembly\FluxorExperiments.App.BlazorWebAssembly.csproj", "{363070E1-7947-4C46-8801-EEF2739177DD}"
EndProject
Project("{9A19103F-16F7-4668-BE54-9A1E7A4F7556}") = "FluxorExperiments.ClassLibrary", "FluxorExperiments.ClassLibrary\FluxorExperiments.ClassLibrary.csproj", "{0BD662D1-78A0-4A2F-A67A-E2E6B9631675}"
EndProject
Project("{9A19103F-16F7-4668-BE54-9A1E7A4F7556}") = "FluxorExperiments.RazorClassLibrary", "FluxorExperiments.RazorClassLibrary\FluxorExperiments.RazorClassLibrary.csproj", "{CC8E9F96-FF3B-43D9-8CA6-7B00AC82622D}"
EndProject
Global
	GlobalSection(SolutionConfigurationPlatforms) = preSolution
		Debug|Any CPU = Debug|Any CPU
		Debug|iPhone = Debug|iPhone
		Debug|iPhoneSimulator = Debug|iPhoneSimulator
		Release|Any CPU = Release|Any CPU
		Release|iPhone = Release|iPhone
		Release|iPhoneSimulator = Release|iPhoneSimulator
	EndGlobalSection
	GlobalSection(ProjectConfigurationPlatforms) = postSolution
		{863909D3-7E81-4240-8C0A-6F57768D28FF}.Debug|Any CPU.ActiveCfg = Debug|Any CPU
		{863909D3-7E81-4240-8C0A-6F57768D28FF}.Debug|Any CPU.Build.0 = Debug|Any CPU
		{863909D3-7E81-4240-8C0A-6F57768D28FF}.Debug|iPhone.ActiveCfg = Debug|Any CPU
		{863909D3-7E81-4240-8C0A-6F57768D28FF}.Debug|iPhone.Build.0 = Debug|Any CPU
		{863909D3-7E81-4240-8C0A-6F57768D28FF}.Debug|iPhoneSimulator.ActiveCfg = Debug|Any CPU
		{863909D3-7E81-4240-8C0A-6F57768D28FF}.Debug|iPhoneSimulator.Build.0 = Debug|Any CPU
		{863909D3-7E81-4240-8C0A-6F57768D28FF}.Release|Any CPU.ActiveCfg = Release|Any CPU
		{863909D3-7E81-4240-8C0A-6F57768D28FF}.Release|Any CPU.Build.0 = Release|Any CPU
		{863909D3-7E81-4240-8C0A-6F57768D28FF}.Release|iPhone.ActiveCfg = Release|Any CPU
		{863909D3-7E81-4240-8C0A-6F57768D28FF}.Release|iPhone.Build.0 = Release|Any CPU
		{863909D3-7E81-4240-8C0A-6F57768D28FF}.Release|iPhoneSimulator.ActiveCfg = Release|Any CPU
		{863909D3-7E81-4240-8C0A-6F57768D28FF}.Release|iPhoneSimulator.Build.0 = Release|Any CPU
		{6289FEA3-4F01-4100-BB4B-6F8938203886}.Debug|Any CPU.ActiveCfg = Debug|Any CPU
		{6289FEA3-4F01-4100-BB4B-6F8938203886}.Debug|Any CPU.Build.0 = Debug|Any CPU
		{6289FEA3-4F01-4100-BB4B-6F8938203886}.Debug|iPhone.ActiveCfg = Debug|Any CPU
		{6289FEA3-4F01-4100-BB4B-6F8938203886}.Debug|iPhone.Build.0 = Debug|Any CPU
		{6289FEA3-4F01-4100-BB4B-6F8938203886}.Debug|iPhoneSimulator.ActiveCfg = Debug|Any CPU
		{6289FEA3-4F01-4100-BB4B-6F8938203886}.Debug|iPhoneSimulator.Build.0 = Debug|Any CPU
		{6289FEA3-4F01-4100-BB4B-6F8938203886}.Release|Any CPU.ActiveCfg = Release|Any CPU
		{6289FEA3-4F01-4100-BB4B-6F8938203886}.Release|Any CPU.Build.0 = Release|Any CPU
		{6289FEA3-4F01-4100-BB4B-6F8938203886}.Release|iPhone.ActiveCfg = Release|Any CPU
		{6289FEA3-4F01-4100-BB4B-6F8938203886}.Release|iPhone.Build.0 = Release|Any CPU
		{6289FEA3-4F01-4100-BB4B-6F8938203886}.Release|iPhoneSimulator.ActiveCfg = Release|Any CPU
		{6289FEA3-4F01-4100-BB4B-6F8938203886}.Release|iPhoneSimulator.Build.0 = Release|Any CPU
		{E33D5229-FFD7-410B-99E4-5FA2E02CCAFE}.Debug|Any CPU.ActiveCfg = Debug|Any CPU
		{E33D5229-FFD7-410B-99E4-5FA2E02CCAFE}.Debug|Any CPU.Build.0 = Debug|Any CPU
		{E33D5229-FFD7-410B-99E4-5FA2E02CCAFE}.Debug|iPhone.ActiveCfg = Debug|Any CPU
		{E33D5229-FFD7-410B-99E4-5FA2E02CCAFE}.Debug|iPhone.Build.0 = Debug|Any CPU
		{E33D5229-FFD7-410B-99E4-5FA2E02CCAFE}.Debug|iPhoneSimulator.ActiveCfg = Debug|Any CPU
		{E33D5229-FFD7-410B-99E4-5FA2E02CCAFE}.Debug|iPhoneSimulator.Build.0 = Debug|Any CPU
		{E33D5229-FFD7-410B-99E4-5FA2E02CCAFE}.Release|Any CPU.ActiveCfg = Release|Any CPU
		{E33D5229-FFD7-410B-99E4-5FA2E02CCAFE}.Release|Any CPU.Build.0 = Release|Any CPU
		{E33D5229-FFD7-410B-99E4-5FA2E02CCAFE}.Release|iPhone.ActiveCfg = Release|Any CPU
		{E33D5229-FFD7-410B-99E4-5FA2E02CCAFE}.Release|iPhone.Build.0 = Release|Any CPU
		{E33D5229-FFD7-410B-99E4-5FA2E02CCAFE}.Release|iPhoneSimulator.ActiveCfg = Release|Any CPU
		{E33D5229-FFD7-410B-99E4-5FA2E02CCAFE}.Release|iPhoneSimulator.Build.0 = Release|Any CPU
		{0197CF7C-E6D8-4BD7-B3BF-14CE97BA2862}.Debug|Any CPU.ActiveCfg = Debug|Any CPU
		{0197CF7C-E6D8-4BD7-B3BF-14CE97BA2862}.Debug|Any CPU.Build.0 = Debug|Any CPU
		{0197CF7C-E6D8-4BD7-B3BF-14CE97BA2862}.Debug|iPhone.ActiveCfg = Debug|Any CPU
		{0197CF7C-E6D8-4BD7-B3BF-14CE97BA2862}.Debug|iPhone.Build.0 = Debug|Any CPU
		{0197CF7C-E6D8-4BD7-B3BF-14CE97BA2862}.Debug|iPhoneSimulator.ActiveCfg = Debug|Any CPU
		{0197CF7C-E6D8-4BD7-B3BF-14CE97BA2862}.Debug|iPhoneSimulator.Build.0 = Debug|Any CPU
		{0197CF7C-E6D8-4BD7-B3BF-14CE97BA2862}.Release|Any CPU.ActiveCfg = Release|Any CPU
		{0197CF7C-E6D8-4BD7-B3BF-14CE97BA2862}.Release|Any CPU.Build.0 = Release|Any CPU
		{0197CF7C-E6D8-4BD7-B3BF-14CE97BA2862}.Release|iPhone.ActiveCfg = Release|Any CPU
		{0197CF7C-E6D8-4BD7-B3BF-14CE97BA2862}.Release|iPhone.Build.0 = Release|Any CPU
		{0197CF7C-E6D8-4BD7-B3BF-14CE97BA2862}.Release|iPhoneSimulator.ActiveCfg = Release|Any CPU
		{0197CF7C-E6D8-4BD7-B3BF-14CE97BA2862}.Release|iPhoneSimulator.Build.0 = Release|Any CPU
		{363070E1-7947-4C46-8801-EEF2739177DD}.Debug|Any CPU.ActiveCfg = Debug|Any CPU
		{363070E1-7947-4C46-8801-EEF2739177DD}.Debug|Any CPU.Build.0 = Debug|Any CPU
		{363070E1-7947-4C46-8801-EEF2739177DD}.Debug|iPhone.ActiveCfg = Debug|Any CPU
		{363070E1-7947-4C46-8801-EEF2739177DD}.Debug|iPhone.Build.0 = Debug|Any CPU
		{363070E1-7947-4C46-8801-EEF2739177DD}.Debug|iPhoneSimulator.ActiveCfg = Debug|Any CPU
		{363070E1-7947-4C46-8801-EEF2739177DD}.Debug|iPhoneSimulator.Build.0 = Debug|Any CPU
		{363070E1-7947-4C46-8801-EEF2739177DD}.Release|Any CPU.ActiveCfg = Release|Any CPU
		{363070E1-7947-4C46-8801-EEF2739177DD}.Release|Any CPU.Build.0 = Release|Any CPU
		{363070E1-7947-4C46-8801-EEF2739177DD}.Release|iPhone.ActiveCfg = Release|Any CPU
		{363070E1-7947-4C46-8801-EEF2739177DD}.Release|iPhone.Build.0 = Release|Any CPU
		{363070E1-7947-4C46-8801-EEF2739177DD}.Release|iPhoneSimulator.ActiveCfg = Release|Any CPU
		{363070E1-7947-4C46-8801-EEF2739177DD}.Release|iPhoneSimulator.Build.0 = Release|Any CPU
		{0BD662D1-78A0-4A2F-A67A-E2E6B9631675}.Debug|Any CPU.ActiveCfg = Debug|Any CPU
		{0BD662D1-78A0-4A2F-A67A-E2E6B9631675}.Debug|Any CPU.Build.0 = Debug|Any CPU
		{0BD662D1-78A0-4A2F-A67A-E2E6B9631675}.Debug|iPhone.ActiveCfg = Debug|Any CPU
		{0BD662D1-78A0-4A2F-A67A-E2E6B9631675}.Debug|iPhone.Build.0 = Debug|Any CPU
		{0BD662D1-78A0-4A2F-A67A-E2E6B9631675}.Debug|iPhoneSimulator.ActiveCfg = Debug|Any CPU
		{0BD662D1-78A0-4A2F-A67A-E2E6B9631675}.Debug|iPhoneSimulator.Build.0 = Debug|Any CPU
		{0BD662D1-78A0-4A2F-A67A-E2E6B9631675}.Release|Any CPU.ActiveCfg = Release|Any CPU
		{0BD662D1-78A0-4A2F-A67A-E2E6B9631675}.Release|Any CPU.Build.0 = Release|Any CPU
		{0BD662D1-78A0-4A2F-A67A-E2E6B9631675}.Release|iPhone.ActiveCfg = Release|Any CPU
		{0BD662D1-78A0-4A2F-A67A-E2E6B9631675}.Release|iPhone.Build.0 = Release|Any CPU
		{0BD662D1-78A0-4A2F-A67A-E2E6B9631675}.Release|iPhoneSimulator.ActiveCfg = Release|Any CPU
		{0BD662D1-78A0-4A2F-A67A-E2E6B9631675}.Release|iPhoneSimulator.Build.0 = Release|Any CPU
		{CC8E9F96-FF3B-43D9-8CA6-7B00AC82622D}.Debug|Any CPU.ActiveCfg = Debug|Any CPU
		{CC8E9F96-FF3B-43D9-8CA6-7B00AC82622D}.Debug|Any CPU.Build.0 = Debug|Any CPU
		{CC8E9F96-FF3B-43D9-8CA6-7B00AC82622D}.Debug|iPhone.ActiveCfg = Debug|Any CPU
		{CC8E9F96-FF3B-43D9-8CA6-7B00AC82622D}.Debug|iPhone.Build.0 = Debug|Any CPU
		{CC8E9F96-FF3B-43D9-8CA6-7B00AC82622D}.Debug|iPhoneSimulator.ActiveCfg = Debug|Any CPU
		{CC8E9F96-FF3B-43D9-8CA6-7B00AC82622D}.Debug|iPhoneSimulator.Build.0 = Debug|Any CPU
		{CC8E9F96-FF3B-43D9-8CA6-7B00AC82622D}.Release|Any CPU.ActiveCfg = Release|Any CPU
		{CC8E9F96-FF3B-43D9-8CA6-7B00AC82622D}.Release|Any CPU.Build.0 = Release|Any CPU
		{CC8E9F96-FF3B-43D9-8CA6-7B00AC82622D}.Release|iPhone.ActiveCfg = Release|Any CPU
		{CC8E9F96-FF3B-43D9-8CA6-7B00AC82622D}.Release|iPhone.Build.0 = Release|Any CPU
		{CC8E9F96-FF3B-43D9-8CA6-7B00AC82622D}.Release|iPhoneSimulator.ActiveCfg = Release|Any CPU
		{CC8E9F96-FF3B-43D9-8CA6-7B00AC82622D}.Release|iPhoneSimulator.Build.0 = Release|Any CPU
	EndGlobalSection
	GlobalSection(SolutionProperties) = preSolution
		HideSolutionNode = FALSE
	EndGlobalSection
	GlobalSection(NestedProjects) = preSolution
		{863909D3-7E81-4240-8C0A-6F57768D28FF} = {7BC6A874-4606-43EF-B18E-B2E22CF25AAC}
		{6289FEA3-4F01-4100-BB4B-6F8938203886} = {7BC6A874-4606-43EF-B18E-B2E22CF25AAC}
		{E33D5229-FFD7-410B-99E4-5FA2E02CCAFE} = {7BC6A874-4606-43EF-B18E-B2E22CF25AAC}
		{0197CF7C-E6D8-4BD7-B3BF-14CE97BA2862} = {C965513B-3ADF-4E0F-BCBB-7C595A08003D}
		{363070E1-7947-4C46-8801-EEF2739177DD} = {C965513B-3ADF-4E0F-BCBB-7C595A08003D}
		{0BD662D1-78A0-4A2F-A67A-E2E6B9631675} = {C965513B-3ADF-4E0F-BCBB-7C595A08003D}
		{CC8E9F96-FF3B-43D9-8CA6-7B00AC82622D} = {C965513B-3ADF-4E0F-BCBB-7C595A08003D}
	EndGlobalSection
	GlobalSection(ExtensibilityGlobals) = postSolution
		SolutionGuid = {B1F2E0DF-C651-48A3-83E3-3B77D34EC3A2}
	EndGlobalSection
EndGlobal
